
Microsoft Visual Studio Solution File, Format Version 12.00
# Visual Studio 14
VisualStudioVersion = 14.0.25420.1
MinimumVisualStudioVersion = 10.0.40219.1
Project("{8BC9CEB8-8B4A-11D0-8D11-00A0C91BC942}") = "ExtraWork", "ExtraWork\ExtraWork.vcxproj", "{D3C09DE7-8997-4D9C-B598-4A77D9DB9522}"
EndProject
Global
	GlobalSection(SolutionConfigurationPlatforms) = preSolution
		Debug|x64 = Debug|x64
		Debug|x86 = Debug|x86
		Release|x64 = Release|x64
		Release|x86 = Release|x86
	EndGlobalSection
	GlobalSection(ProjectConfigurationPlatforms) = postSolution
		{D3C09DE7-8997-4D9C-B598-4A77D9DB9522}.Debug|x64.ActiveCfg = Debug|x64
		{D3C09DE7-8997-4D9C-B598-4A77D9DB9522}.Debug|x64.Build.0 = Debug|x64
		{D3C09DE7-8997-4D9C-B598-4A77D9DB9522}.Debug|x86.ActiveCfg = Debug|Win32
		{D3C09DE7-8997-4D9C-B598-4A77D9DB9522}.Debug|x86.Build.0 = Debug|Win32
		{D3C09DE7-8997-4D9C-B598-4A77D9DB9522}.Release|x64.ActiveCfg = Release|x64
		{D3C09DE7-8997-4D9C-B598-4A77D9DB9522}.Release|x64.Build.0 = Release|x64
		{D3C09DE7-8997-4D9C-B598-4A77D9DB9522}.Release|x86.ActiveCfg = Release|Win32
		{D3C09DE7-8997-4D9C-B598-4A77D9DB9522}.Release|x86.Build.0 = Release|Win32
	EndGlobalSection
	GlobalSection(SolutionProperties) = preSolution
		HideSolutionNode = FALSE
	EndGlobalSection
EndGlobal
